{"1.2.0",
[{<<"chronicle">>,
  {git,"https://github.com/couchbase/chronicle.git",
       {ref,"39c668b8ccc9ed378faf35462601a1ffb4496ef7"}},
  0},
 {<<"enacl">>,
  {git,"https://github.com/couchbasedeps/enacl.git",
       {ref,"d01e1f61d84691cfec5721472b1e441dd97bc2b8"}},
  0},
 {<<"esaml">>,
  {git,"https://github.com/couchbasedeps/esaml.git",
       {ref,"7457d8aeec56d910fe63a984952efa2b9858d7e9"}},
  0},
 {<<"gen_smtp">>,
  {git,"https://github.com/couchbasedeps/gen_smtp.git",
       {ref,"83846d04bef94ef217fdc89d9a34587448de0702"}},
  0},
 {<<"iso8601">>,{pkg,<<"iso8601">>,<<"1.3.4">>},0},
 {<<"jiffy">>,
  {git,"https://github.com/couchbasedeps/jiffy.git",
       {ref,"8bac9d21846a1f62a110305e648cee894d81a2e0"}},
  0},
 {<<"jose">>,{pkg,<<"jose">>,<<"1.11.11">>},0},
 {<<"oidcc">>,
  {git,"https://github.com/erlef/oidcc.git",
       {ref,"b8cbca10c4f9534db7b1a4a4874ad8afb2cb5221"}},
  0},
 {<<"ranch">>,{pkg,<<"ranch">>,<<"1.8.0">>},1},
 {<<"telemetry">>,{pkg,<<"telemetry">>,<<"1.3.0">>},1},
 {<<"telemetry_registry">>,{pkg,<<"telemetry_registry">>,<<"0.3.2">>},1}]}.
[
{pkg_hash,[
 {<<"iso8601">>, <<"7B1F095F86F6CF65E1E5A77872E8E8BF69BD58D4C3A415B3F77D9CC9423ECBB9">>},
 {<<"jose">>, <<"FC29A6A00AD3DD26FF65AC51E502058C37C5163CE7FD31F7F2FFA509209E97FA">>},
 {<<"ranch">>, <<"8C7A100A139FD57F17327B6413E4167AC559FBC04CA7448E9BE9057311597A1D">>},
 {<<"telemetry">>, <<"FEDEBBAE410D715CF8E7062C96A1EF32EC22E764197F70CDA73D82778D61E7A2">>},
 {<<"telemetry_registry">>, <<"701576890320BE6428189BFF963E865E8F23E0FF3615EADE8F78662BE0FC003C">>}]},
{pkg_hash_ext,[
 {<<"iso8601">>, <<"A334469C07F1C219326BC891A95F5EEC8EB12DD8071A3FFF56A7843CB20FAE34">>},
 {<<"jose">>, <<"C9F0742B4B55D9249C76FF4E7B743D847D5BC915D29813618A1050864C2C7EAD">>},
 {<<"ranch">>, <<"49FBCFD3682FAB1F5D109351B61257676DA1A2FDBE295904176D5E521A2DDFE5">>},
 {<<"telemetry">>, <<"7015FC8919DBE63764F4B4B87A95B7C0996BD539E0D499BE6EC9D7F3875B79E6">>},
 {<<"telemetry_registry">>, <<"E7ED191EB1D115A3034AF8E1E35E4E63D5348851D556646D46CA3D1B4E16BAB9">>}]}
].
